
Microsoft Visual Studio Solution File, Format Version 12.00
# Visual Studio Version 16
VisualStudioVersion = 16.0.29503.13
MinimumVisualStudioVersion = 10.0.40219.1
Project("{FAE04EC0-301F-11D3-BF4B-00C04F79EFBC}") = "HigherLower", "HigherLower\HigherLower.csproj", "{855DC2BA-53AC-4FB2-B924-F592B8690701}"
EndProject
Project("{FAE04EC0-301F-11D3-BF4B-00C04F79EFBC}") = "Pairs", "Pairs\Pairs.csproj", "{666D2FC0-4D8F-4572-B089-CF97673F2555}"
EndProject
Global
	GlobalSection(SolutionConfigurationPlatforms) = preSolution
		Debug|Any CPU = Debug|Any CPU
		Release|Any CPU = Release|Any CPU
	EndGlobalSection
	GlobalSection(ProjectConfigurationPlatforms) = postSolution
		{855DC2BA-53AC-4FB2-B924-F592B8690701}.Debug|Any CPU.ActiveCfg = Debug|Any CPU
		{855DC2BA-53AC-4FB2-B924-F592B8690701}.Debug|Any CPU.Build.0 = Debug|Any CPU
		{855DC2BA-53AC-4FB2-B924-F592B8690701}.Release|Any CPU.ActiveCfg = Release|Any CPU
		{855DC2BA-53AC-4FB2-B924-F592B8690701}.Release|Any CPU.Build.0 = Release|Any CPU
		{666D2FC0-4D8F-4572-B089-CF97673F2555}.Debug|Any CPU.ActiveCfg = Debug|Any CPU
		{666D2FC0-4D8F-4572-B089-CF97673F2555}.Debug|Any CPU.Build.0 = Debug|Any CPU
		{666D2FC0-4D8F-4572-B089-CF97673F2555}.Release|Any CPU.ActiveCfg = Release|Any CPU
		{666D2FC0-4D8F-4572-B089-CF97673F2555}.Release|Any CPU.Build.0 = Release|Any CPU
	EndGlobalSection
	GlobalSection(SolutionProperties) = preSolution
		HideSolutionNode = FALSE
	EndGlobalSection
	GlobalSection(ExtensibilityGlobals) = postSolution
		SolutionGuid = {6373105E-70E0-4D50-8146-30184258172D}
	EndGlobalSection
EndGlobal
